# Al-Furqan AI — tested dependency constraints (verified 2026-08-26, Python 3.11/3.13)
# Usage: pip install -r requirements.txt -c requirements.lock
fastapi==0.141.1
uvicorn==0.52.3
pydantic==2.10.6
python-telegram-bot==22.8
pypdf==6.16.1
Pillow==11.2.1
pytesseract==0.3.13
aiohttp==3.11.12
requests==2.32.3
reportlab==5.0.1
